	<Project xmlns="http://schemas.microsoft.com/developer/msbuild/2003">
		<PropertyGroup>
			<ProjectGuid>{6B68B4A6-47A3-4E6B-9EE9-C5C2F4CCFA26}</ProjectGuid>
			<MainSource>Athenas_PDV.dpr</MainSource>
			<Base>True</Base>
			<Config Condition="'$(Config)'==''">Debug</Config>
			<TargetedPlatforms>1</TargetedPlatforms>
			<AppType>Application</AppType>
			<FrameworkType>VCL</FrameworkType>
			<ProjectVersion>13.4</ProjectVersion>
			<Platform Condition="'$(Platform)'==''">Win32</Platform>
		</PropertyGroup>
		<PropertyGroup Condition="'$(Config)'=='Base' or '$(Base)'!=''">
			<Base>true</Base>
		</PropertyGroup>
		<PropertyGroup Condition="('$(Platform)'=='Win64' and '$(Base)'=='true') or '$(Base_Win64)'!=''">
			<Base_Win64>true</Base_Win64>
			<CfgParent>Base</CfgParent>
			<Base>true</Base>
		</PropertyGroup>
		<PropertyGroup Condition="('$(Platform)'=='Win32' and '$(Base)'=='true') or '$(Base_Win32)'!=''">
			<Base_Win32>true</Base_Win32>
			<CfgParent>Base</CfgParent>
			<Base>true</Base>
		</PropertyGroup>
		<PropertyGroup Condition="'$(Config)'=='Release' or '$(Cfg_1)'!=''">
			<Cfg_1>true</Cfg_1>
			<CfgParent>Base</CfgParent>
			<Base>true</Base>
		</PropertyGroup>
		<PropertyGroup Condition="'$(Config)'=='Debug' or '$(Cfg_2)'!=''">
			<Cfg_2>true</Cfg_2>
			<CfgParent>Base</CfgParent>
			<Base>true</Base>
		</PropertyGroup>
		<PropertyGroup Condition="('$(Platform)'=='Win32' and '$(Cfg_2)'=='true') or '$(Cfg_2_Win32)'!=''">
			<Cfg_2_Win32>true</Cfg_2_Win32>
			<CfgParent>Cfg_2</CfgParent>
			<Cfg_2>true</Cfg_2>
			<Base>true</Base>
		</PropertyGroup>
		<PropertyGroup Condition="'$(Base)'!=''">
			<VerInfo_IncludeVerInfo>true</VerInfo_IncludeVerInfo>
			<DCC_UnitSearchPath>$(DELPHI)\Lib\Debug;C:\Desenvolvimento\BR Sistemas\FNTS_BRSistemas\brPDV;$(DCC_UnitSearchPath)</DCC_UnitSearchPath>
			<VerInfo_AutoGenVersion>true</VerInfo_AutoGenVersion>
			<VerInfo_Build>27</VerInfo_Build>
			<DCC_ExeOutput>C:\Athenas\PDV</DCC_ExeOutput>
			<VerInfo_MajorVer>4</VerInfo_MajorVer>
			<DCC_Namespace>Vcl;Vcl.Imaging;Vcl.Touch;Vcl.Samples;Vcl.Shell;System;Xml;Data;Datasnap;Web;Soap;Winapi;System.Win;$(DCC_Namespace)</DCC_Namespace>
			<VerInfo_MinorVer>5</VerInfo_MinorVer>
			<DCC_GARBAGE>false</DCC_GARBAGE>
			<DCC_MapFile>3</DCC_MapFile>
			<DCC_F>false</DCC_F>
			<DCC_E>false</DCC_E>
			<DCC_K>false</DCC_K>
			<DCC_S>false</DCC_S>
			<DCC_N>true</DCC_N>
			<DCC_UsePackage>vcl;rtl;vclx;indy;inet;xmlrtl;vclie;inetdbbde;inetdbxpress;dbrtl;dsnap;dsnapcon;vcldb;soaprtl;VclSmp;dbexpress;dbxcds;inetdb;bdertl;vcldbx;webdsnap;websnap;adortl;ibxpress;visualclx;visualdbclx;vclactnband;vclshlctrls;IntrawebDB_50_70;Intraweb_50_70;Rave50CLX;Rave50VCL;dclOfficeXP;RaizeComponentsVcl;RaizeComponentsVclDb;dxPack2D7;$(DCC_UsePackage)</DCC_UsePackage>
			<DCC_ImageBase>00400000</DCC_ImageBase>
			<VerInfo_Keys>CompanyName=;FileDescription=Frente de Caixa;FileVersion=4.5.0.27;InternalName=;LegalCopyright=;LegalTrademarks=;OriginalFilename=;ProductName=;ProductVersion=1.0.0.0;Comments=</VerInfo_Keys>
			<VerInfo_Locale>1046</VerInfo_Locale>
			<DCC_SymbolReferenceInfo>1</DCC_SymbolReferenceInfo>
		</PropertyGroup>
		<PropertyGroup Condition="'$(Base_Win64)'!=''">
			<Icon_MainIcon>Athenas_PDV_Icon.ico</Icon_MainIcon>
		</PropertyGroup>
		<PropertyGroup Condition="'$(Base_Win32)'!=''">
			<VerInfo_IncludeVerInfo>true</VerInfo_IncludeVerInfo>
			<Icon_MainIcon>Athenas_PDV_Icon.ico</Icon_MainIcon>
			<DCC_Namespace>Data.Win;Datasnap.Win;Web.Win;Soap.Win;Xml.Win;Bde;$(DCC_Namespace)</DCC_Namespace>
			<VerInfo_Locale>1033</VerInfo_Locale>
			<Manifest_File>$(BDS)\bin\default_app.manifest</Manifest_File>
			<VerInfo_Keys>CompanyName=;FileDescription=;FileVersion=1.0.0.0;InternalName=;LegalCopyright=;LegalTrademarks=;OriginalFilename=;ProductName=;ProductVersion=1.0.0.0;Comments=</VerInfo_Keys>
		</PropertyGroup>
		<PropertyGroup Condition="'$(Cfg_1)'!=''">
			<DCC_LocalDebugSymbols>false</DCC_LocalDebugSymbols>
			<DCC_DebugInformation>false</DCC_DebugInformation>
			<DCC_SymbolReferenceInfo>0</DCC_SymbolReferenceInfo>
			<DCC_Define>RELEASE;$(DCC_Define)</DCC_Define>
		</PropertyGroup>
		<PropertyGroup Condition="'$(Cfg_2)'!=''">
			<DCC_Define>DEBUG;$(DCC_Define)</DCC_Define>
			<DCC_Optimize>false</DCC_Optimize>
			<DCC_GenerateStackFrames>true</DCC_GenerateStackFrames>
		</PropertyGroup>
		<PropertyGroup Condition="'$(Cfg_2_Win32)'!=''">
			<VerInfo_MinorVer>3</VerInfo_MinorVer>
			<VerInfo_MajorVer>5</VerInfo_MajorVer>
			<VerInfo_Keys>CompanyName=BetaSoftwares;FileDescription=Athenas PDV;FileVersion=5.3.0.0;InternalName=;LegalCopyright=;LegalTrademarks=;OriginalFilename=;ProductName=;ProductVersion=5.3.0.0;Comments=</VerInfo_Keys>
			<VerInfo_Locale>1033</VerInfo_Locale>
		</PropertyGroup>
		<ItemGroup>
			<DelphiCompile Include="$(MainSource)">
				<MainSource>MainSource</MainSource>
			</DelphiCompile>
			<DCCReference Include="principal.pas">
				<Form>frmPrincipal</Form>
			</DCCReference>
			<DCCReference Include="modulo.pas">
				<Form>frmModulo</Form>
				<DesignClass>TDataModule</DesignClass>
			</DCCReference>
			<DCCReference Include="funcoes.pas"/>
			<DCCReference Include="venda.pas">
				<Form>frmVenda</Form>
			</DCCReference>
			<DCCReference Include="mesas.pas">
				<Form>frmMesas</Form>
			</DCCReference>
			<DCCReference Include="VendedorConsulta.pas">
				<Form>frmVendedorConsulta</Form>
			</DCCReference>
			<DCCReference Include="preco_consulta.pas">
				<Form>frmPreco_consulta</Form>
			</DCCReference>
			<DCCReference Include="produto_consulta_normal.pas">
				<Form>frmProduto_consulta_normal</Form>
			</DCCReference>
			<DCCReference Include="protetor_tela.pas">
				<Form>frmProtetor_tela</Form>
			</DCCReference>
			<DCCReference Include="venda_crediario.pas">
				<Form>frmVenda_Crediario</Form>
			</DCCReference>
			<DCCReference Include="Vendedor.pas">
				<Form>frmVendedor</Form>
			</DCCReference>
			<DCCReference Include="UtiSplash.pas">
				<Form>frmUtiSplash</Form>
			</DCCReference>
			<DCCReference Include="unECF.pas"/>
			<DCCReference Include="msg_Operador.pas">
				<Form>frmMsg_Operador</Form>
			</DCCReference>
			<DCCReference Include="Leitura_Memoria_Fiscal.pas">
				<Form>frmLeitura_Memoria_Fiscal</Form>
			</DCCReference>
			<DCCReference Include="Download_MFD.pas">
				<Form>frmDownload_MFD</Form>
			</DCCReference>
			<DCCReference Include="Lista_Vendas_Periodo.pas">
				<Form>frmLista_Vendas_Periodo</Form>
			</DCCReference>
			<DCCReference Include="Identifica.pas">
				<Form>frmIdentifica</Form>
			</DCCReference>
			<DCCReference Include="config_ecf.pas">
				<Form>frmConfig_ECF</Form>
			</DCCReference>
			<DCCReference Include="unTEF.pas"/>
			<DCCReference Include="mensagem.pas">
				<Form>frmMensagem</Form>
			</DCCReference>
			<DCCReference Include="TEF_Cancelamento.pas">
				<Form>frmTEF_cancelamento</Form>
			</DCCReference>
			<DCCReference Include="Tef_bandeira.pas">
				<Form>frmTef_Bandeira</Form>
			</DCCReference>
			<DCCReference Include="caixa_fechamento.pas">
				<Form>frmCaixa_Fechamento</Form>
			</DCCReference>
			<DCCReference Include="senha_supervisor.pas">
				<Form>frmSenha_Supervisor</Form>
			</DCCReference>
			<DCCReference Include="suprimento.pas">
				<Form>frmSuprimento</Form>
			</DCCReference>
			<DCCReference Include="sangria.pas">
				<Form>frmSangria</Form>
			</DCCReference>
			<DCCReference Include="menu_cupom.pas">
				<Form>frmCupom_Menu</Form>
			</DCCReference>
			<DCCReference Include="cupom_impressao.pas">
				<Form>frmcupom_impressao</Form>
			</DCCReference>
			<DCCReference Include="OpenSSLUtils.pas"/>
			<DCCReference Include="MD5.pas"/>
			<DCCReference Include="libeay32.pas"/>
			<DCCReference Include="Orcamento.pas">
				<Form>frmOrcamento</Form>
			</DCCReference>
			<DCCReference Include="Orcamento_Abrir.pas">
				<Form>frmOrcamento_Abrir</Form>
			</DCCReference>
			<DCCReference Include="Orcamento_Item.pas">
				<Form>frmOrcamento_Item</Form>
			</DCCReference>
			<DCCReference Include="produto_consulta.pas">
				<Form>frmProduto_consulta</Form>
			</DCCReference>
			<DCCReference Include="Meios_pagamento.pas">
				<Form>frmMeios_Pagamento</Form>
			</DCCReference>
			<DCCReference Include="Arquivo_Fiscal.pas">
				<Form>frmArquivo_Fiscal</Form>
			</DCCReference>
			<DCCReference Include="consulta_estoque.pas">
				<Form>frmConsulta_Estoque</Form>
			</DCCReference>
			<DCCReference Include="menu_fiscal.pas">
				<Form>frmMenu_Fiscal</Form>
			</DCCReference>
			<DCCReference Include="s7\contasreceber.pas">
				<Form>frmcontasreceber</Form>
			</DCCReference>
			<DCCReference Include="s7\contasreceber_boleto_achado.pas">
				<Form>frmcontasreceber_boleto_achado</Form>
			</DCCReference>
			<DCCReference Include="s7\xloc_cliente.pas">
				<Form>frmxloc_cliente</Form>
			</DCCReference>
			<DCCReference Include="s7\contasreceber_pgto.pas">
				<Form>frmcontasreceber_pgto</Form>
			</DCCReference>
			<DCCReference Include="s7\contasreceber_banco.pas">
				<Form>frmContasreceber_banco</Form>
			</DCCReference>
			<DCCReference Include="s7\loc_contacorrent.pas">
				<Form>frmloc_contacorrente</Form>
			</DCCReference>
			<DCCReference Include="s7\extenso1.pas"/>
			<DCCReference Include="pre_venda.pas">
				<Form>frmPre_Venda</Form>
			</DCCReference>
			<DCCReference Include="caixa_abertura.pas">
				<Form>frmCaixa_Abertura</Form>
			</DCCReference>
			<DCCReference Include="notafiscal_menu.pas">
				<Form>frmnotafiscal_menu</Form>
			</DCCReference>
			<DCCReference Include="notafiscal.pas">
				<Form>frmnotafiscal</Form>
			</DCCReference>
			<DCCReference Include="notafiscal_item2.pas">
				<Form>frmNotaFiscal_Item2</Form>
			</DCCReference>
			<DCCReference Include="loc_filial.pas">
				<Form>frmloc_filial</Form>
			</DCCReference>
			<DCCReference Include="loc_cfop.pas">
				<Form>frmloc_cfop</Form>
			</DCCReference>
			<DCCReference Include="xloc_cfop.pas">
				<Form>frmxloc_cfop</Form>
			</DCCReference>
			<DCCReference Include="xloc_servico.pas">
				<Form>frmxloc_servico</Form>
			</DCCReference>
			<DCCReference Include="NotaFiscal_Item_grade.pas">
				<Form>frmNotaFiscal_Item_grade</Form>
			</DCCReference>
			<DCCReference Include="NotaFiscal_Item_Serial.pas">
				<Form>frmNotaFiscal_Item_Serial</Form>
			</DCCReference>
			<DCCReference Include="xloc_cst.pas">
				<Form>frmxloc_cst</Form>
			</DCCReference>
			<DCCReference Include="xloc_produto.pas">
				<Form>frmxloc_produto</Form>
			</DCCReference>
			<DCCReference Include="os.pas">
				<Form>frmOS</Form>
			</DCCReference>
			<DCCReference Include="Lista_DAV.pas">
				<Form>frmLista_DAV</Form>
			</DCCReference>
			<DCCReference Include="tabela_indice.pas">
				<Form>frmTabela_Indice</Form>
			</DCCReference>
			<DCCReference Include="prevenda_conciliar.pas">
				<Form>frmPrevenda_conciliar</Form>
			</DCCReference>
			<DCCReference Include="fabricacao.pas">
				<Form>frmFabricacao</Form>
			</DCCReference>
			<DCCReference Include="..\sintegra\unSintegra.pas"/>
			<DCCReference Include="..\sintegra\Validacao_Sintegra\Unit_Validacao_Sintegra.pas"/>
			<DCCReference Include="..\sintegra\Validacao_CFOP\Valida_CFOP.pas"/>
			<DCCReference Include="..\sintegra\Validacao_NCM\Valida_NCM.pas"/>
			<DCCReference Include="config_balanca.pas">
				<Form>frmconfig_balanca</Form>
			</DCCReference>
			<DCCReference Include="Config.pas">
				<Form>frmConfig</Form>
			</DCCReference>
			<DCCReference Include="senha.pas">
				<Form>frmsenha</Form>
			</DCCReference>
			<DCCReference Include="Constantes.pas"/>
			<DCCReference Include="consumidor.pas">
				<Form>frmConsumidor</Form>
			</DCCReference>
			<DCCReference Include="cliente_consulta.pas">
				<Form>frmCliente_consulta</Form>
			</DCCReference>
			<DCCReference Include="UFuncoes.pas"/>
			<DCCReference Include="UImpressao.pas"/>
			<DCCReference Include="GerarNotaFiscalPaulista.pas">
				<Form>FGerarNFP</Form>
			</DCCReference>
			<DCCReference Include="xloc_modelo.pas">
				<Form>frmxloc_modelo</Form>
			</DCCReference>
			<DCCReference Include="Comanda.pas">
				<Form>FComanda</Form>
			</DCCReference>
			<BuildConfiguration Include="Debug">
				<Key>Cfg_2</Key>
				<CfgParent>Base</CfgParent>
			</BuildConfiguration>
			<BuildConfiguration Include="Base">
				<Key>Base</Key>
			</BuildConfiguration>
			<BuildConfiguration Include="Release">
				<Key>Cfg_1</Key>
				<CfgParent>Base</CfgParent>
			</BuildConfiguration>
		</ItemGroup>
		<ProjectExtensions>
			<Borland.Personality>Delphi.Personality.12</Borland.Personality>
			<Borland.ProjectType/>
			<BorlandProject>
				<Delphi.Personality>
					<Source>
						<Source Name="MainSource">Athenas_PDV.dpr</Source>
					</Source>
					<Language>
						<Language Name="RootDir">..\..\# FONTES\FNTS_PDV\</Language>
					</Language>
					<VersionInfo>
						<VersionInfo Name="IncludeVerInfo">True</VersionInfo>
						<VersionInfo Name="AutoIncBuild">True</VersionInfo>
						<VersionInfo Name="MajorVer">4</VersionInfo>
						<VersionInfo Name="MinorVer">5</VersionInfo>
						<VersionInfo Name="Release">0</VersionInfo>
						<VersionInfo Name="Build">27</VersionInfo>
						<VersionInfo Name="Debug">False</VersionInfo>
						<VersionInfo Name="PreRelease">False</VersionInfo>
						<VersionInfo Name="Special">False</VersionInfo>
						<VersionInfo Name="Private">False</VersionInfo>
						<VersionInfo Name="DLL">False</VersionInfo>
						<VersionInfo Name="Locale">1046</VersionInfo>
						<VersionInfo Name="CodePage">1252</VersionInfo>
					</VersionInfo>
					<VersionInfoKeys>
						<VersionInfoKeys Name="CompanyName"/>
						<VersionInfoKeys Name="FileDescription">Frente de Caixa</VersionInfoKeys>
						<VersionInfoKeys Name="FileVersion">4.5.0.27</VersionInfoKeys>
						<VersionInfoKeys Name="InternalName"/>
						<VersionInfoKeys Name="LegalCopyright"/>
						<VersionInfoKeys Name="LegalTrademarks"/>
						<VersionInfoKeys Name="OriginalFilename"/>
						<VersionInfoKeys Name="ProductName"/>
						<VersionInfoKeys Name="ProductVersion">1.0.0.0</VersionInfoKeys>
						<VersionInfoKeys Name="Comments"/>
					</VersionInfoKeys>
					<Excluded_Packages>
						<Excluded_Packages Name="C:\Arquivos de programas\FastReports\LibD16\dclfstee16.bpl">FastScript 1.9 Tee Components</Excluded_Packages>
						<Excluded_Packages Name="$(BDSBIN)\bcboffice2k160.bpl">Embarcadero C++Builder Office 2000 Servers Package</Excluded_Packages>
						<Excluded_Packages Name="$(BDSBIN)\bcbofficexp160.bpl">Embarcadero C++Builder Office XP Servers Package</Excluded_Packages>
						<Excluded_Packages Name="$(BDSBIN)\dcloffice2k160.bpl">Microsoft Office 2000 Sample Automation Server Wrapper Components</Excluded_Packages>
					</Excluded_Packages>
				</Delphi.Personality>
				<Platforms>
					<Platform value="Win64">False</Platform>
					<Platform value="Win32">True</Platform>
				</Platforms>
				<ModelSupport>False</ModelSupport>
			</BorlandProject>
			<ProjectFileVersion>12</ProjectFileVersion>
		</ProjectExtensions>
		<Import Condition="Exists('$(BDS)\Bin\CodeGear.Delphi.Targets')" Project="$(BDS)\Bin\CodeGear.Delphi.Targets"/>
		<Import Condition="Exists('$(APPDATA)\Embarcadero\$(BDSAPPDATABASEDIR)\$(PRODUCTVERSION)\UserTools.proj')" Project="$(APPDATA)\Embarcadero\$(BDSAPPDATABASEDIR)\$(PRODUCTVERSION)\UserTools.proj"/>
	</Project>
